
Microsoft Visual Studio Solution File, Format Version 12.00
# Visual Studio Version 16
VisualStudioVersion = 16.0.29911.84
MinimumVisualStudioVersion = 10.0.40219.1
Project("{2150E333-8FDC-42A3-9474-1A3956D46DE8}") = "Microservices", "Microservices", "{07CD0C1C-343E-411E-8F38-D38D0237E905}"
EndProject
Project("{2150E333-8FDC-42A3-9474-1A3956D46DE8}") = "Domain", "Domain", "{4FCFE217-FDFB-4305-8512-0E727574674D}"
EndProject
Project("{2150E333-8FDC-42A3-9474-1A3956D46DE8}") = "Infra.Bus", "Infra.Bus", "{0F432992-9D34-4946-AADB-A029B84453DE}"
EndProject
Project("{2150E333-8FDC-42A3-9474-1A3956D46DE8}") = "Infra.IoC", "Infra.IoC", "{CF94AD6C-79E0-4247-86CF-FB2556D3DFA2}"
EndProject
Project("{2150E333-8FDC-42A3-9474-1A3956D46DE8}") = "Presentation", "Presentation", "{BC15F2C0-167D-45CC-BD21-9428E8F2995D}"
EndProject
Project("{9A19103F-16F7-4668-BE54-9A1E7A4F7556}") = "MicroRabbit.Domain.Core", "MicroRabbit.Domain.Core\MicroRabbit.Domain.Core.csproj", "{38322B04-8169-49D3-AA8E-FCFCCC37BB81}"
EndProject
Project("{9A19103F-16F7-4668-BE54-9A1E7A4F7556}") = "MicroRabbit.Infra.Bus", "MicroRabbit.Infra.Bus\MicroRabbit.Infra.Bus.csproj", "{79F7E8AB-E7DF-49F2-AE24-DCB00962546A}"
EndProject
Project("{9A19103F-16F7-4668-BE54-9A1E7A4F7556}") = "MicroRabbit.Infra.IoC", "MicroRabbit.Infra.IoC\MicroRabbit.Infra.IoC.csproj", "{C8E204B1-C1FA-46D3-ADCB-1D10CCDA0C63}"
EndProject
Project("{2150E333-8FDC-42A3-9474-1A3956D46DE8}") = "Banking", "Banking", "{E862D305-DFAA-438E-9E3E-0DD8D63A2742}"
EndProject
Project("{2150E333-8FDC-42A3-9474-1A3956D46DE8}") = "Api", "Api", "{0ED55802-54EF-40A3-A962-14984F44B186}"
EndProject
Project("{2150E333-8FDC-42A3-9474-1A3956D46DE8}") = "Domain", "Domain", "{EA7AA338-943D-47EC-8A9C-3AD74DA43DF1}"
EndProject
Project("{2150E333-8FDC-42A3-9474-1A3956D46DE8}") = "Application", "Application", "{D17FDB67-64C3-4BEB-BC56-1CE538CEA904}"
EndProject
Project("{2150E333-8FDC-42A3-9474-1A3956D46DE8}") = "Data", "Data", "{9EB2D1ED-112B-41AE-BF79-A107A0A7AAB9}"
EndProject
Project("{9A19103F-16F7-4668-BE54-9A1E7A4F7556}") = "MicroRabbit.Banking.Api", "MicroRabbit.Banking.Api\MicroRabbit.Banking.Api.csproj", "{3050BA1C-9CFF-4FEC-8365-3DAF2410E23F}"
EndProject
Project("{9A19103F-16F7-4668-BE54-9A1E7A4F7556}") = "MicroRabbit.Banking.Application", "MicroRabbit.Banking.Application\MicroRabbit.Banking.Application.csproj", "{C09EE073-DB09-4FB4-9B39-74DBE2F27298}"
EndProject
Project("{9A19103F-16F7-4668-BE54-9A1E7A4F7556}") = "MicroRabbit.Banking.Data", "MicroRabbit.Banking.Data\MicroRabbit.Banking.Data.csproj", "{0532AEB6-E2BE-4950-96B9-D9D416D5DE66}"
EndProject
Project("{9A19103F-16F7-4668-BE54-9A1E7A4F7556}") = "MicroRabbit.Banking.Domain", "MicroRabbit.Banking.Domain\MicroRabbit.Banking.Domain.csproj", "{8065EF0F-5C39-4670-A9FA-FF14D485BEAF}"
EndProject
Project("{2150E333-8FDC-42A3-9474-1A3956D46DE8}") = "Transfer", "Transfer", "{DDE13981-A369-4827-A737-A02AD4AC557E}"
EndProject
Project("{2150E333-8FDC-42A3-9474-1A3956D46DE8}") = "Api", "Api", "{C42FBA66-2A27-4D17-9993-ADD6516A9D9A}"
EndProject
Project("{2150E333-8FDC-42A3-9474-1A3956D46DE8}") = "Application", "Application", "{9336A995-387C-4A7C-8FBC-5A6989F4AC58}"
EndProject
Project("{2150E333-8FDC-42A3-9474-1A3956D46DE8}") = "Data", "Data", "{F0BD25B0-AE2F-4B76-8CFD-92A578B3B3B6}"
EndProject
Project("{2150E333-8FDC-42A3-9474-1A3956D46DE8}") = "Domain", "Domain", "{5120BE4A-936B-4B81-BD14-A8BD7FA66DC0}"
EndProject
Project("{9A19103F-16F7-4668-BE54-9A1E7A4F7556}") = "MicroRabbit.Transfer.Api", "MicroRabbit.Transfer.Api\MicroRabbit.Transfer.Api.csproj", "{B0A36B0E-02F9-4687-AD79-7491A000EE4C}"
EndProject
Project("{9A19103F-16F7-4668-BE54-9A1E7A4F7556}") = "MicroRabbit.Transfer.Application", "MicroRabbit.Transfer.Application\MicroRabbit.Transfer.Application.csproj", "{FDFBF9A4-A727-4C83-9D15-D70903E1703B}"
EndProject
Project("{9A19103F-16F7-4668-BE54-9A1E7A4F7556}") = "MicroRabbit.Transfer.Domain", "MicroRabbit.Transfer.Domain\MicroRabbit.Transfer.Domain.csproj", "{ED55E433-57A6-4D8F-B2C6-BA22A407146B}"
EndProject
Project("{9A19103F-16F7-4668-BE54-9A1E7A4F7556}") = "MicroRabbit.Transfer.Data", "MicroRabbit.Transfer.Data\MicroRabbit.Transfer.Data.csproj", "{3CB5117C-66B5-412B-B4E5-7499F1728E8C}"
EndProject
Project("{FAE04EC0-301F-11D3-BF4B-00C04F79EFBC}") = "MicroRabbit.MVC", "MicroRabbit.MVC\MicroRabbit.MVC.csproj", "{532D7320-4465-450C-8AC7-391F70C853D2}"
EndProject
Global
	GlobalSection(SolutionConfigurationPlatforms) = preSolution
		Debug|Any CPU = Debug|Any CPU
		Release|Any CPU = Release|Any CPU
	EndGlobalSection
	GlobalSection(ProjectConfigurationPlatforms) = postSolution
		{38322B04-8169-49D3-AA8E-FCFCCC37BB81}.Debug|Any CPU.ActiveCfg = Debug|Any CPU
		{38322B04-8169-49D3-AA8E-FCFCCC37BB81}.Debug|Any CPU.Build.0 = Debug|Any CPU
		{38322B04-8169-49D3-AA8E-FCFCCC37BB81}.Release|Any CPU.ActiveCfg = Release|Any CPU
		{38322B04-8169-49D3-AA8E-FCFCCC37BB81}.Release|Any CPU.Build.0 = Release|Any CPU
		{79F7E8AB-E7DF-49F2-AE24-DCB00962546A}.Debug|Any CPU.ActiveCfg = Debug|Any CPU
		{79F7E8AB-E7DF-49F2-AE24-DCB00962546A}.Debug|Any CPU.Build.0 = Debug|Any CPU
		{79F7E8AB-E7DF-49F2-AE24-DCB00962546A}.Release|Any CPU.ActiveCfg = Release|Any CPU
		{79F7E8AB-E7DF-49F2-AE24-DCB00962546A}.Release|Any CPU.Build.0 = Release|Any CPU
		{C8E204B1-C1FA-46D3-ADCB-1D10CCDA0C63}.Debug|Any CPU.ActiveCfg = Debug|Any CPU
		{C8E204B1-C1FA-46D3-ADCB-1D10CCDA0C63}.Debug|Any CPU.Build.0 = Debug|Any CPU
		{C8E204B1-C1FA-46D3-ADCB-1D10CCDA0C63}.Release|Any CPU.ActiveCfg = Release|Any CPU
		{C8E204B1-C1FA-46D3-ADCB-1D10CCDA0C63}.Release|Any CPU.Build.0 = Release|Any CPU
		{3050BA1C-9CFF-4FEC-8365-3DAF2410E23F}.Debug|Any CPU.ActiveCfg = Debug|Any CPU
		{3050BA1C-9CFF-4FEC-8365-3DAF2410E23F}.Debug|Any CPU.Build.0 = Debug|Any CPU
		{3050BA1C-9CFF-4FEC-8365-3DAF2410E23F}.Release|Any CPU.ActiveCfg = Release|Any CPU
		{3050BA1C-9CFF-4FEC-8365-3DAF2410E23F}.Release|Any CPU.Build.0 = Release|Any CPU
		{C09EE073-DB09-4FB4-9B39-74DBE2F27298}.Debug|Any CPU.ActiveCfg = Debug|Any CPU
		{C09EE073-DB09-4FB4-9B39-74DBE2F27298}.Debug|Any CPU.Build.0 = Debug|Any CPU
		{C09EE073-DB09-4FB4-9B39-74DBE2F27298}.Release|Any CPU.ActiveCfg = Release|Any CPU
		{C09EE073-DB09-4FB4-9B39-74DBE2F27298}.Release|Any CPU.Build.0 = Release|Any CPU
		{0532AEB6-E2BE-4950-96B9-D9D416D5DE66}.Debug|Any CPU.ActiveCfg = Debug|Any CPU
		{0532AEB6-E2BE-4950-96B9-D9D416D5DE66}.Debug|Any CPU.Build.0 = Debug|Any CPU
		{0532AEB6-E2BE-4950-96B9-D9D416D5DE66}.Release|Any CPU.ActiveCfg = Release|Any CPU
		{0532AEB6-E2BE-4950-96B9-D9D416D5DE66}.Release|Any CPU.Build.0 = Release|Any CPU
		{8065EF0F-5C39-4670-A9FA-FF14D485BEAF}.Debug|Any CPU.ActiveCfg = Debug|Any CPU
		{8065EF0F-5C39-4670-A9FA-FF14D485BEAF}.Debug|Any CPU.Build.0 = Debug|Any CPU
		{8065EF0F-5C39-4670-A9FA-FF14D485BEAF}.Release|Any CPU.ActiveCfg = Release|Any CPU
		{8065EF0F-5C39-4670-A9FA-FF14D485BEAF}.Release|Any CPU.Build.0 = Release|Any CPU
		{B0A36B0E-02F9-4687-AD79-7491A000EE4C}.Debug|Any CPU.ActiveCfg = Debug|Any CPU
		{B0A36B0E-02F9-4687-AD79-7491A000EE4C}.Debug|Any CPU.Build.0 = Debug|Any CPU
		{B0A36B0E-02F9-4687-AD79-7491A000EE4C}.Release|Any CPU.ActiveCfg = Release|Any CPU
		{B0A36B0E-02F9-4687-AD79-7491A000EE4C}.Release|Any CPU.Build.0 = Release|Any CPU
		{FDFBF9A4-A727-4C83-9D15-D70903E1703B}.Debug|Any CPU.ActiveCfg = Debug|Any CPU
		{FDFBF9A4-A727-4C83-9D15-D70903E1703B}.Debug|Any CPU.Build.0 = Debug|Any CPU
		{FDFBF9A4-A727-4C83-9D15-D70903E1703B}.Release|Any CPU.ActiveCfg = Release|Any CPU
		{FDFBF9A4-A727-4C83-9D15-D70903E1703B}.Release|Any CPU.Build.0 = Release|Any CPU
		{ED55E433-57A6-4D8F-B2C6-BA22A407146B}.Debug|Any CPU.ActiveCfg = Debug|Any CPU
		{ED55E433-57A6-4D8F-B2C6-BA22A407146B}.Debug|Any CPU.Build.0 = Debug|Any CPU
		{ED55E433-57A6-4D8F-B2C6-BA22A407146B}.Release|Any CPU.ActiveCfg = Release|Any CPU
		{ED55E433-57A6-4D8F-B2C6-BA22A407146B}.Release|Any CPU.Build.0 = Release|Any CPU
		{3CB5117C-66B5-412B-B4E5-7499F1728E8C}.Debug|Any CPU.ActiveCfg = Debug|Any CPU
		{3CB5117C-66B5-412B-B4E5-7499F1728E8C}.Debug|Any CPU.Build.0 = Debug|Any CPU
		{3CB5117C-66B5-412B-B4E5-7499F1728E8C}.Release|Any CPU.ActiveCfg = Release|Any CPU
		{3CB5117C-66B5-412B-B4E5-7499F1728E8C}.Release|Any CPU.Build.0 = Release|Any CPU
		{532D7320-4465-450C-8AC7-391F70C853D2}.Debug|Any CPU.ActiveCfg = Debug|Any CPU
		{532D7320-4465-450C-8AC7-391F70C853D2}.Debug|Any CPU.Build.0 = Debug|Any CPU
		{532D7320-4465-450C-8AC7-391F70C853D2}.Release|Any CPU.ActiveCfg = Release|Any CPU
		{532D7320-4465-450C-8AC7-391F70C853D2}.Release|Any CPU.Build.0 = Release|Any CPU
	EndGlobalSection
	GlobalSection(SolutionProperties) = preSolution
		HideSolutionNode = FALSE
	EndGlobalSection
	GlobalSection(NestedProjects) = preSolution
		{38322B04-8169-49D3-AA8E-FCFCCC37BB81} = {4FCFE217-FDFB-4305-8512-0E727574674D}
		{79F7E8AB-E7DF-49F2-AE24-DCB00962546A} = {0F432992-9D34-4946-AADB-A029B84453DE}
		{C8E204B1-C1FA-46D3-ADCB-1D10CCDA0C63} = {CF94AD6C-79E0-4247-86CF-FB2556D3DFA2}
		{E862D305-DFAA-438E-9E3E-0DD8D63A2742} = {07CD0C1C-343E-411E-8F38-D38D0237E905}
		{0ED55802-54EF-40A3-A962-14984F44B186} = {E862D305-DFAA-438E-9E3E-0DD8D63A2742}
		{EA7AA338-943D-47EC-8A9C-3AD74DA43DF1} = {E862D305-DFAA-438E-9E3E-0DD8D63A2742}
		{D17FDB67-64C3-4BEB-BC56-1CE538CEA904} = {E862D305-DFAA-438E-9E3E-0DD8D63A2742}
		{9EB2D1ED-112B-41AE-BF79-A107A0A7AAB9} = {E862D305-DFAA-438E-9E3E-0DD8D63A2742}
		{3050BA1C-9CFF-4FEC-8365-3DAF2410E23F} = {0ED55802-54EF-40A3-A962-14984F44B186}
		{C09EE073-DB09-4FB4-9B39-74DBE2F27298} = {D17FDB67-64C3-4BEB-BC56-1CE538CEA904}
		{0532AEB6-E2BE-4950-96B9-D9D416D5DE66} = {9EB2D1ED-112B-41AE-BF79-A107A0A7AAB9}
		{8065EF0F-5C39-4670-A9FA-FF14D485BEAF} = {EA7AA338-943D-47EC-8A9C-3AD74DA43DF1}
		{DDE13981-A369-4827-A737-A02AD4AC557E} = {07CD0C1C-343E-411E-8F38-D38D0237E905}
		{C42FBA66-2A27-4D17-9993-ADD6516A9D9A} = {DDE13981-A369-4827-A737-A02AD4AC557E}
		{9336A995-387C-4A7C-8FBC-5A6989F4AC58} = {DDE13981-A369-4827-A737-A02AD4AC557E}
		{F0BD25B0-AE2F-4B76-8CFD-92A578B3B3B6} = {DDE13981-A369-4827-A737-A02AD4AC557E}
		{5120BE4A-936B-4B81-BD14-A8BD7FA66DC0} = {DDE13981-A369-4827-A737-A02AD4AC557E}
		{B0A36B0E-02F9-4687-AD79-7491A000EE4C} = {C42FBA66-2A27-4D17-9993-ADD6516A9D9A}
		{FDFBF9A4-A727-4C83-9D15-D70903E1703B} = {9336A995-387C-4A7C-8FBC-5A6989F4AC58}
		{ED55E433-57A6-4D8F-B2C6-BA22A407146B} = {5120BE4A-936B-4B81-BD14-A8BD7FA66DC0}
		{3CB5117C-66B5-412B-B4E5-7499F1728E8C} = {F0BD25B0-AE2F-4B76-8CFD-92A578B3B3B6}
		{532D7320-4465-450C-8AC7-391F70C853D2} = {BC15F2C0-167D-45CC-BD21-9428E8F2995D}
	EndGlobalSection
	GlobalSection(ExtensibilityGlobals) = postSolution
		SolutionGuid = {AC8492C8-A80B-4468-BD4B-632F4AB376B2}
	EndGlobalSection
EndGlobal
